// !$*UTF8*$!
{
	archiveVersion = 1;
	classes = {
	};
	objectVersion = 52;
	objects = {

/* Begin PBXBuildFile section */
		3446E30C2582682A00AB0815 /* DeviceService.swift in Sources */ = {isa = PBXBuildFile; fileRef = 3446E30B2582682A00AB0815 /* DeviceService.swift */; };
		3475E5E72584CB3E00A56C02 /* AuthService.swift in Sources */ = {isa = PBXBuildFile; fileRef = 3475E5E62584CB3E00A56C02 /* AuthService.swift */; };
		348054FD257FBBE900EF13BC /* SaltoJustINMobileSDK.xcframework in Frameworks */ = {isa = PBXBuildFile; fileRef = 348054FC257FBBE900EF13BC /* SaltoJustINMobileSDK.xcframework */; };
		348054FE257FBBE900EF13BC /* SaltoJustINMobileSDK.xcframework in Embed Frameworks */ = {isa = PBXBuildFile; fileRef = 348054FC257FBBE900EF13BC /* SaltoJustINMobileSDK.xcframework */; settings = {ATTRIBUTES = (CodeSignOnCopy, RemoveHeadersOnCopy, ); }; };
		34805509257FD88D00EF13BC /* LoginPresenter.swift in Sources */ = {isa = PBXBuildFile; fileRef = 34805508257FD88D00EF13BC /* LoginPresenter.swift */; };
		348086912580CE50001A0F41 /* UserDefaults.swift in Sources */ = {isa = PBXBuildFile; fileRef = 348086902580CE50001A0F41 /* UserDefaults.swift */; };
		3480869325811365001A0F41 /* Configuration.plist in Resources */ = {isa = PBXBuildFile; fileRef = 3480869225811365001A0F41 /* Configuration.plist */; };
		3480869525811411001A0F41 /* PropertyList.swift in Sources */ = {isa = PBXBuildFile; fileRef = 3480869425811411001A0F41 /* PropertyList.swift */; };
		34ABF8292578E62A00C9FCEE /* AppDelegate.swift in Sources */ = {isa = PBXBuildFile; fileRef = 34ABF8282578E62A00C9FCEE /* AppDelegate.swift */; };
		34ABF82B2578E62A00C9FCEE /* SceneDelegate.swift in Sources */ = {isa = PBXBuildFile; fileRef = 34ABF82A2578E62A00C9FCEE /* SceneDelegate.swift */; };
		34ABF82D2578E62A00C9FCEE /* LoginViewController.swift in Sources */ = {isa = PBXBuildFile; fileRef = 34ABF82C2578E62A00C9FCEE /* LoginViewController.swift */; };
		34ABF8302578E62A00C9FCEE /* Main.storyboard in Resources */ = {isa = PBXBuildFile; fileRef = 34ABF82E2578E62A00C9FCEE /* Main.storyboard */; };
		34ABF8322578E62C00C9FCEE /* Assets.xcassets in Resources */ = {isa = PBXBuildFile; fileRef = 34ABF8312578E62C00C9FCEE /* Assets.xcassets */; };
		34ABF8352578E62C00C9FCEE /* LaunchScreen.storyboard in Resources */ = {isa = PBXBuildFile; fileRef = 34ABF8332578E62C00C9FCEE /* LaunchScreen.storyboard */; };
		34B4AE072583765A00B3FEE0 /* NetworkService.swift in Sources */ = {isa = PBXBuildFile; fileRef = 34B4AE062583765A00B3FEE0 /* NetworkService.swift */; };
		34B4AE0C2583B17B00B3FEE0 /* Device.swift in Sources */ = {isa = PBXBuildFile; fileRef = 34B4AE0B2583B17B00B3FEE0 /* Device.swift */; };
		34B4AE0E2583B6F900B3FEE0 /* MobileKey.swift in Sources */ = {isa = PBXBuildFile; fileRef = 34B4AE0D2583B6F900B3FEE0 /* MobileKey.swift */; };
		34B77A1F25824448006FC23F /* MainViewController.swift in Sources */ = {isa = PBXBuildFile; fileRef = 34B77A1E25824448006FC23F /* MainViewController.swift */; };
		34B77A2125824480006FC23F /* MainPresenter.swift in Sources */ = {isa = PBXBuildFile; fileRef = 34B77A2025824480006FC23F /* MainPresenter.swift */; };
		50FD2925C9337065173907B6 /* Pods_Demo.framework in Frameworks */ = {isa = PBXBuildFile; fileRef = 0D276E3438E06455990AC1EA /* Pods_Demo.framework */; };
/* End PBXBuildFile section */

/* Begin PBXCopyFilesBuildPhase section */
		348054FF257FBBE900EF13BC /* Embed Frameworks */ = {
			isa = PBXCopyFilesBuildPhase;
			buildActionMask = 2147483647;
			dstPath = "";
			dstSubfolderSpec = 10;
			files = (
				348054FE257FBBE900EF13BC /* SaltoJustINMobileSDK.xcframework in Embed Frameworks */,
			);
			name = "Embed Frameworks";
			runOnlyForDeploymentPostprocessing = 0;
		};
/* End PBXCopyFilesBuildPhase section */

/* Begin PBXFileReference section */
		08E7CA67124E0226F3D7A762 /* Pods-Demo.release.xcconfig */ = {isa = PBXFileReference; includeInIndex = 1; lastKnownFileType = text.xcconfig; name = "Pods-Demo.release.xcconfig"; path = "Target Support Files/Pods-Demo/Pods-Demo.release.xcconfig"; sourceTree = "<group>"; };
		0D276E3438E06455990AC1EA /* Pods_Demo.framework */ = {isa = PBXFileReference; explicitFileType = wrapper.framework; includeInIndex = 0; path = Pods_Demo.framework; sourceTree = BUILT_PRODUCTS_DIR; };
		3446E30B2582682A00AB0815 /* DeviceService.swift */ = {isa = PBXFileReference; lastKnownFileType = sourcecode.swift; path = DeviceService.swift; sourceTree = "<group>"; };
		3475E5E62584CB3E00A56C02 /* AuthService.swift */ = {isa = PBXFileReference; lastKnownFileType = sourcecode.swift; path = AuthService.swift; sourceTree = "<group>"; };
		348054FC257FBBE900EF13BC /* SaltoJustINMobileSDK.xcframework */ = {isa = PBXFileReference; lastKnownFileType = wrapper.xcframework; path = SaltoJustINMobileSDK.xcframework; sourceTree = "<group>"; };
		34805508257FD88D00EF13BC /* LoginPresenter.swift */ = {isa = PBXFileReference; lastKnownFileType = sourcecode.swift; path = LoginPresenter.swift; sourceTree = "<group>"; };
		348086902580CE50001A0F41 /* UserDefaults.swift */ = {isa = PBXFileReference; lastKnownFileType = sourcecode.swift; path = UserDefaults.swift; sourceTree = "<group>"; };
		3480869225811365001A0F41 /* Configuration.plist */ = {isa = PBXFileReference; lastKnownFileType = text.plist.xml; path = Configuration.plist; sourceTree = "<group>"; };
		3480869425811411001A0F41 /* PropertyList.swift */ = {isa = PBXFileReference; lastKnownFileType = sourcecode.swift; path = PropertyList.swift; sourceTree = "<group>"; };
		34ABF8252578E62A00C9FCEE /* Demo.app */ = {isa = PBXFileReference; explicitFileType = wrapper.application; includeInIndex = 0; path = Demo.app; sourceTree = BUILT_PRODUCTS_DIR; };
		34ABF8282578E62A00C9FCEE /* AppDelegate.swift */ = {isa = PBXFileReference; lastKnownFileType = sourcecode.swift; path = AppDelegate.swift; sourceTree = "<group>"; };
		34ABF82A2578E62A00C9FCEE /* SceneDelegate.swift */ = {isa = PBXFileReference; lastKnownFileType = sourcecode.swift; path = SceneDelegate.swift; sourceTree = "<group>"; };
		34ABF82C2578E62A00C9FCEE /* LoginViewController.swift */ = {isa = PBXFileReference; lastKnownFileType = sourcecode.swift; path = LoginViewController.swift; sourceTree = "<group>"; };
		34ABF82F2578E62A00C9FCEE /* Base */ = {isa = PBXFileReference; lastKnownFileType = file.storyboard; name = Base; path = Base.lproj/Main.storyboard; sourceTree = "<group>"; };
		34ABF8312578E62C00C9FCEE /* Assets.xcassets */ = {isa = PBXFileReference; lastKnownFileType = folder.assetcatalog; path = Assets.xcassets; sourceTree = "<group>"; };
		34ABF8342578E62C00C9FCEE /* Base */ = {isa = PBXFileReference; lastKnownFileType = file.storyboard; name = Base; path = Base.lproj/LaunchScreen.storyboard; sourceTree = "<group>"; };
		34ABF8362578E62C00C9FCEE /* Info.plist */ = {isa = PBXFileReference; lastKnownFileType = text.plist.xml; path = Info.plist; sourceTree = "<group>"; };
		34B4AE062583765A00B3FEE0 /* NetworkService.swift */ = {isa = PBXFileReference; lastKnownFileType = sourcecode.swift; path = NetworkService.swift; sourceTree = "<group>"; };
		34B4AE0B2583B17B00B3FEE0 /* Device.swift */ = {isa = PBXFileReference; lastKnownFileType = sourcecode.swift; path = Device.swift; sourceTree = "<group>"; };
		34B4AE0D2583B6F900B3FEE0 /* MobileKey.swift */ = {isa = PBXFileReference; lastKnownFileType = sourcecode.swift; path = MobileKey.swift; sourceTree = "<group>"; };
		34B77A1E25824448006FC23F /* MainViewController.swift */ = {isa = PBXFileReference; lastKnownFileType = sourcecode.swift; path = MainViewController.swift; sourceTree = "<group>"; };
		34B77A2025824480006FC23F /* MainPresenter.swift */ = {isa = PBXFileReference; lastKnownFileType = sourcecode.swift; path = MainPresenter.swift; sourceTree = "<group>"; };
		4C7FE1E97555D126399FABC6 /* Pods-Example.release.xcconfig */ = {isa = PBXFileReference; includeInIndex = 1; lastKnownFileType = text.xcconfig; name = "Pods-Example.release.xcconfig"; path = "Target Support Files/Pods-Example/Pods-Example.release.xcconfig"; sourceTree = "<group>"; };
		7BC2B2FF31A73E34FFC96B7F /* Pods-Example.debug.xcconfig */ = {isa = PBXFileReference; includeInIndex = 1; lastKnownFileType = text.xcconfig; name = "Pods-Example.debug.xcconfig"; path = "Target Support Files/Pods-Example/Pods-Example.debug.xcconfig"; sourceTree = "<group>"; };
		FD9FD55FA06F9AAD949DFD77 /* Pods-Demo.debug.xcconfig */ = {isa = PBXFileReference; includeInIndex = 1; lastKnownFileType = text.xcconfig; name = "Pods-Demo.debug.xcconfig"; path = "Target Support Files/Pods-Demo/Pods-Demo.debug.xcconfig"; sourceTree = "<group>"; };
/* End PBXFileReference section */

/* Begin PBXFrameworksBuildPhase section */
		34ABF8222578E62A00C9FCEE /* Frameworks */ = {
			isa = PBXFrameworksBuildPhase;
			buildActionMask = 2147483647;
			files = (
				348054FD257FBBE900EF13BC /* SaltoJustINMobileSDK.xcframework in Frameworks */,
				50FD2925C9337065173907B6 /* Pods_Demo.framework in Frameworks */,
			);
			runOnlyForDeploymentPostprocessing = 0;
		};
/* End PBXFrameworksBuildPhase section */

/* Begin PBXGroup section */
		12B1F129909FF1001B5B587A /* Pods */ = {
			isa = PBXGroup;
			children = (
				7BC2B2FF31A73E34FFC96B7F /* Pods-Example.debug.xcconfig */,
				4C7FE1E97555D126399FABC6 /* Pods-Example.release.xcconfig */,
				FD9FD55FA06F9AAD949DFD77 /* Pods-Demo.debug.xcconfig */,
				08E7CA67124E0226F3D7A762 /* Pods-Demo.release.xcconfig */,
			);
			path = Pods;
			sourceTree = "<group>";
		};
		3446E30A2582681500AB0815 /* Services */ = {
			isa = PBXGroup;
			children = (
				3446E30B2582682A00AB0815 /* DeviceService.swift */,
				34B4AE062583765A00B3FEE0 /* NetworkService.swift */,
				3475E5E62584CB3E00A56C02 /* AuthService.swift */,
			);
			path = Services;
			sourceTree = "<group>";
		};
		34805500257FCF4100EF13BC /* Login */ = {
			isa = PBXGroup;
			children = (
				34ABF82C2578E62A00C9FCEE /* LoginViewController.swift */,
				34805508257FD88D00EF13BC /* LoginPresenter.swift */,
			);
			path = Login;
			sourceTree = "<group>";
		};
		3480550A257FDB2000EF13BC /* Utils */ = {
			isa = PBXGroup;
			children = (
				348086902580CE50001A0F41 /* UserDefaults.swift */,
				3480869425811411001A0F41 /* PropertyList.swift */,
			);
			path = Utils;
			sourceTree = "<group>";
		};
		34ABF81C2578E62A00C9FCEE = {
			isa = PBXGroup;
			children = (
				34ABF8272578E62A00C9FCEE /* Demo */,
				34ABF8262578E62A00C9FCEE /* Products */,
				12B1F129909FF1001B5B587A /* Pods */,
				D165F8E83A3B282C64FE0BCB /* Frameworks */,
			);
			sourceTree = "<group>";
		};
		34ABF8262578E62A00C9FCEE /* Products */ = {
			isa = PBXGroup;
			children = (
				34ABF8252578E62A00C9FCEE /* Demo.app */,
			);
			name = Products;
			sourceTree = "<group>";
		};
		34ABF8272578E62A00C9FCEE /* Demo */ = {
			isa = PBXGroup;
			children = (
				34ABF8282578E62A00C9FCEE /* AppDelegate.swift */,
				34ABF82A2578E62A00C9FCEE /* SceneDelegate.swift */,
				34ABF82E2578E62A00C9FCEE /* Main.storyboard */,
				34B4AE082583AD9900B3FEE0 /* Models */,
				3446E30A2582681500AB0815 /* Services */,
				3480550A257FDB2000EF13BC /* Utils */,
				34805500257FCF4100EF13BC /* Login */,
				34B77A1D258243BB006FC23F /* Main */,
				34ABF8312578E62C00C9FCEE /* Assets.xcassets */,
				34ABF8332578E62C00C9FCEE /* LaunchScreen.storyboard */,
				34ABF8362578E62C00C9FCEE /* Info.plist */,
				3480869225811365001A0F41 /* Configuration.plist */,
			);
			path = Demo;
			sourceTree = "<group>";
		};
		34B4AE082583AD9900B3FEE0 /* Models */ = {
			isa = PBXGroup;
			children = (
				34B4AE0B2583B17B00B3FEE0 /* Device.swift */,
				34B4AE0D2583B6F900B3FEE0 /* MobileKey.swift */,
			);
			path = Models;
			sourceTree = "<group>";
		};
		34B77A1D258243BB006FC23F /* Main */ = {
			isa = PBXGroup;
			children = (
				34B77A1E25824448006FC23F /* MainViewController.swift */,
				34B77A2025824480006FC23F /* MainPresenter.swift */,
			);
			path = Main;
			sourceTree = "<group>";
		};
		D165F8E83A3B282C64FE0BCB /* Frameworks */ = {
			isa = PBXGroup;
			children = (
				348054FC257FBBE900EF13BC /* SaltoJustINMobileSDK.xcframework */,
				0D276E3438E06455990AC1EA /* Pods_Demo.framework */,
			);
			name = Frameworks;
			sourceTree = "<group>";
		};
/* End PBXGroup section */

/* Begin PBXNativeTarget section */
		34ABF8242578E62A00C9FCEE /* Demo */ = {
			isa = PBXNativeTarget;
			buildConfigurationList = 34ABF8392578E62C00C9FCEE /* Build configuration list for PBXNativeTarget "Demo" */;
			buildPhases = (
				B0FCDF3E05F08FA3B56E22E5 /* [CP] Check Pods Manifest.lock */,
				34ABF8212578E62A00C9FCEE /* Sources */,
				34ABF8222578E62A00C9FCEE /* Frameworks */,
				34ABF8232578E62A00C9FCEE /* Resources */,
				DFD402BB9A842A0233A79162 /* [CP] Embed Pods Frameworks */,
				348054FF257FBBE900EF13BC /* Embed Frameworks */,
			);
			buildRules = (
			);
			dependencies = (
			);
			name = Demo;
			productName = Example;
			productReference = 34ABF8252578E62A00C9FCEE /* Demo.app */;
			productType = "com.apple.product-type.application";
		};
/* End PBXNativeTarget section */

/* Begin PBXProject section */
		34ABF81D2578E62A00C9FCEE /* Project object */ = {
			isa = PBXProject;
			attributes = {
				LastSwiftUpdateCheck = 1220;
				LastUpgradeCheck = 1220;
				TargetAttributes = {
					34ABF8242578E62A00C9FCEE = {
						CreatedOnToolsVersion = 12.2;
					};
				};
			};
			buildConfigurationList = 34ABF8202578E62A00C9FCEE /* Build configuration list for PBXProject "Demo" */;
			compatibilityVersion = "Xcode 9.3";
			developmentRegion = en;
			hasScannedForEncodings = 0;
			knownRegions = (
				en,
				Base,
			);
			mainGroup = 34ABF81C2578E62A00C9FCEE;
			productRefGroup = 34ABF8262578E62A00C9FCEE /* Products */;
			projectDirPath = "";
			projectRoot = "";
			targets = (
				34ABF8242578E62A00C9FCEE /* Demo */,
			);
		};
/* End PBXProject section */

/* Begin PBXResourcesBuildPhase section */
		34ABF8232578E62A00C9FCEE /* Resources */ = {
			isa = PBXResourcesBuildPhase;
			buildActionMask = 2147483647;
			files = (
				34ABF8352578E62C00C9FCEE /* LaunchScreen.storyboard in Resources */,
				3480869325811365001A0F41 /* Configuration.plist in Resources */,
				34ABF8322578E62C00C9FCEE /* Assets.xcassets in Resources */,
				34ABF8302578E62A00C9FCEE /* Main.storyboard in Resources */,
			);
			runOnlyForDeploymentPostprocessing = 0;
		};
/* End PBXResourcesBuildPhase section */

/* Begin PBXShellScriptBuildPhase section */
		B0FCDF3E05F08FA3B56E22E5 /* [CP] Check Pods Manifest.lock */ = {
			isa = PBXShellScriptBuildPhase;
			buildActionMask = 2147483647;
			files = (
			);
			inputFileListPaths = (
			);
			inputPaths = (
				"${PODS_PODFILE_DIR_PATH}/Podfile.lock",
				"${PODS_ROOT}/Manifest.lock",
			);
			name = "[CP] Check Pods Manifest.lock";
			outputFileListPaths = (
			);
			outputPaths = (
				"$(DERIVED_FILE_DIR)/Pods-Demo-checkManifestLockResult.txt",
			);
			runOnlyForDeploymentPostprocessing = 0;
			shellPath = /bin/sh;
			shellScript = "diff \"${PODS_PODFILE_DIR_PATH}/Podfile.lock\" \"${PODS_ROOT}/Manifest.lock\" > /dev/null\nif [ $? != 0 ] ; then\n    # print error to STDERR\n    echo \"error: The sandbox is not in sync with the Podfile.lock. Run 'pod install' or update your CocoaPods installation.\" >&2\n    exit 1\nfi\n# This output is used by Xcode 'outputs' to avoid re-running this script phase.\necho \"SUCCESS\" > \"${SCRIPT_OUTPUT_FILE_0}\"\n";
			showEnvVarsInLog = 0;
		};
		DFD402BB9A842A0233A79162 /* [CP] Embed Pods Frameworks */ = {
			isa = PBXShellScriptBuildPhase;
			buildActionMask = 2147483647;
			files = (
			);
			inputFileListPaths = (
				"${PODS_ROOT}/Target Support Files/Pods-Demo/Pods-Demo-frameworks-${CONFIGURATION}-input-files.xcfilelist",
			);
			name = "[CP] Embed Pods Frameworks";
			outputFileListPaths = (
				"${PODS_ROOT}/Target Support Files/Pods-Demo/Pods-Demo-frameworks-${CONFIGURATION}-output-files.xcfilelist",
			);
			runOnlyForDeploymentPostprocessing = 0;
			shellPath = /bin/sh;
			shellScript = "\"${PODS_ROOT}/Target Support Files/Pods-Demo/Pods-Demo-frameworks.sh\"\n";
			showEnvVarsInLog = 0;
		};
/* End PBXShellScriptBuildPhase section */

/* Begin PBXSourcesBuildPhase section */
		34ABF8212578E62A00C9FCEE /* Sources */ = {
			isa = PBXSourcesBuildPhase;
			buildActionMask = 2147483647;
			files = (
				34B4AE0C2583B17B00B3FEE0 /* Device.swift in Sources */,
				34B4AE072583765A00B3FEE0 /* NetworkService.swift in Sources */,
				34B77A1F25824448006FC23F /* MainViewController.swift in Sources */,
				34B4AE0E2583B6F900B3FEE0 /* MobileKey.swift in Sources */,
				34805509257FD88D00EF13BC /* LoginPresenter.swift in Sources */,
				348086912580CE50001A0F41 /* UserDefaults.swift in Sources */,
				3475E5E72584CB3E00A56C02 /* AuthService.swift in Sources */,
				34B77A2125824480006FC23F /* MainPresenter.swift in Sources */,
				3480869525811411001A0F41 /* PropertyList.swift in Sources */,
				34ABF82D2578E62A00C9FCEE /* LoginViewController.swift in Sources */,
				34ABF8292578E62A00C9FCEE /* AppDelegate.swift in Sources */,
				34ABF82B2578E62A00C9FCEE /* SceneDelegate.swift in Sources */,
				3446E30C2582682A00AB0815 /* DeviceService.swift in Sources */,
			);
			runOnlyForDeploymentPostprocessing = 0;
		};
/* End PBXSourcesBuildPhase section */

/* Begin PBXVariantGroup section */
		34ABF82E2578E62A00C9FCEE /* Main.storyboard */ = {
			isa = PBXVariantGroup;
			children = (
				34ABF82F2578E62A00C9FCEE /* Base */,
			);
			name = Main.storyboard;
			sourceTree = "<group>";
		};
		34ABF8332578E62C00C9FCEE /* LaunchScreen.storyboard */ = {
			isa = PBXVariantGroup;
			children = (
				34ABF8342578E62C00C9FCEE /* Base */,
			);
			name = LaunchScreen.storyboard;
			sourceTree = "<group>";
		};
/* End PBXVariantGroup section */

/* Begin XCBuildConfiguration section */
		34ABF8372578E62C00C9FCEE /* Debug */ = {
			isa = XCBuildConfiguration;
			buildSettings = {
				ALWAYS_SEARCH_USER_PATHS = NO;
				CLANG_ANALYZER_NONNULL = YES;
				CLANG_ANALYZER_NUMBER_OBJECT_CONVERSION = YES_AGGRESSIVE;
				CLANG_CXX_LANGUAGE_STANDARD = "gnu++14";
				CLANG_CXX_LIBRARY = "libc++";
				CLANG_ENABLE_MODULES = YES;
				CLANG_ENABLE_OBJC_ARC = YES;
				CLANG_ENABLE_OBJC_WEAK = YES;
				CLANG_WARN_BLOCK_CAPTURE_AUTORELEASING = YES;
				CLANG_WARN_BOOL_CONVERSION = YES;
				CLANG_WARN_COMMA = YES;
				CLANG_WARN_CONSTANT_CONVERSION = YES;
				CLANG_WARN_DEPRECATED_OBJC_IMPLEMENTATIONS = YES;
				CLANG_WARN_DIRECT_OBJC_ISA_USAGE = YES_ERROR;
				CLANG_WARN_DOCUMENTATION_COMMENTS = YES;
				CLANG_WARN_EMPTY_BODY = YES;
				CLANG_WARN_ENUM_CONVERSION = YES;
				CLANG_WARN_INFINITE_RECURSION = YES;
				CLANG_WARN_INT_CONVERSION = YES;
				CLANG_WARN_NON_LITERAL_NULL_CONVERSION = YES;
				CLANG_WARN_OBJC_IMPLICIT_RETAIN_SELF = YES;
				CLANG_WARN_OBJC_LITERAL_CONVERSION = YES;
				CLANG_WARN_OBJC_ROOT_CLASS = YES_ERROR;
				CLANG_WARN_QUOTED_INCLUDE_IN_FRAMEWORK_HEADER = YES;
				CLANG_WARN_RANGE_LOOP_ANALYSIS = YES;
				CLANG_WARN_STRICT_PROTOTYPES = YES;
				CLANG_WARN_SUSPICIOUS_MOVE = YES;
				CLANG_WARN_UNGUARDED_AVAILABILITY = YES_AGGRESSIVE;
				CLANG_WARN_UNREACHABLE_CODE = YES;
				CLANG_WARN__DUPLICATE_METHOD_MATCH = YES;
				COPY_PHASE_STRIP = NO;
				DEBUG_INFORMATION_FORMAT = dwarf;
				ENABLE_STRICT_OBJC_MSGSEND = YES;
				ENABLE_TESTABILITY = YES;
				GCC_C_LANGUAGE_STANDARD = gnu11;
				GCC_DYNAMIC_NO_PIC = NO;
				GCC_NO_COMMON_BLOCKS = YES;
				GCC_OPTIMIZATION_LEVEL = 0;
				GCC_PREPROCESSOR_DEFINITIONS = (
					"DEBUG=1",
					"$(inherited)",
				);
				GCC_WARN_64_TO_32_BIT_CONVERSION = YES;
				GCC_WARN_ABOUT_RETURN_TYPE = YES_ERROR;
				GCC_WARN_UNDECLARED_SELECTOR = YES;
				GCC_WARN_UNINITIALIZED_AUTOS = YES_AGGRESSIVE;
				GCC_WARN_UNUSED_FUNCTION = YES;
				GCC_WARN_UNUSED_VARIABLE = YES;
				IPHONEOS_DEPLOYMENT_TARGET = 14.2;
				MTL_ENABLE_DEBUG_INFO = INCLUDE_SOURCE;
				MTL_FAST_MATH = YES;
				ONLY_ACTIVE_ARCH = YES;
				SDKROOT = iphoneos;
				SWIFT_ACTIVE_COMPILATION_CONDITIONS = DEBUG;
				SWIFT_OPTIMIZATION_LEVEL = "-Onone";
			};
			name = Debug;
		};
		34ABF8382578E62C00C9FCEE /* Release */ = {
			isa = XCBuildConfiguration;
			buildSettings = {
				ALWAYS_SEARCH_USER_PATHS = NO;
				CLANG_ANALYZER_NONNULL = YES;
				CLANG_ANALYZER_NUMBER_OBJECT_CONVERSION = YES_AGGRESSIVE;
				CLANG_CXX_LANGUAGE_STANDARD = "gnu++14";
				CLANG_CXX_LIBRARY = "libc++";
				CLANG_ENABLE_MODULES = YES;
				CLANG_ENABLE_OBJC_ARC = YES;
				CLANG_ENABLE_OBJC_WEAK = YES;
				CLANG_WARN_BLOCK_CAPTURE_AUTORELEASING = YES;
				CLANG_WARN_BOOL_CONVERSION = YES;
				CLANG_WARN_COMMA = YES;
				CLANG_WARN_CONSTANT_CONVERSION = YES;
				CLANG_WARN_DEPRECATED_OBJC_IMPLEMENTATIONS = YES;
				CLANG_WARN_DIRECT_OBJC_ISA_USAGE = YES_ERROR;
				CLANG_WARN_DOCUMENTATION_COMMENTS = YES;
				CLANG_WARN_EMPTY_BODY = YES;
				CLANG_WARN_ENUM_CONVERSION = YES;
				CLANG_WARN_INFINITE_RECURSION = YES;
				CLANG_WARN_INT_CONVERSION = YES;
				CLANG_WARN_NON_LITERAL_NULL_CONVERSION = YES;
				CLANG_WARN_OBJC_IMPLICIT_RETAIN_SELF = YES;
				CLANG_WARN_OBJC_LITERAL_CONVERSION = YES;
				CLANG_WARN_OBJC_ROOT_CLASS = YES_ERROR;
				CLANG_WARN_QUOTED_INCLUDE_IN_FRAMEWORK_HEADER = YES;
				CLANG_WARN_RANGE_LOOP_ANALYSIS = YES;
				CLANG_WARN_STRICT_PROTOTYPES = YES;
				CLANG_WARN_SUSPICIOUS_MOVE = YES;
				CLANG_WARN_UNGUARDED_AVAILABILITY = YES_AGGRESSIVE;
				CLANG_WARN_UNREACHABLE_CODE = YES;
				CLANG_WARN__DUPLICATE_METHOD_MATCH = YES;
				COPY_PHASE_STRIP = NO;
				DEBUG_INFORMATION_FORMAT = "dwarf-with-dsym";
				ENABLE_NS_ASSERTIONS = NO;
				ENABLE_STRICT_OBJC_MSGSEND = YES;
				GCC_C_LANGUAGE_STANDARD = gnu11;
				GCC_NO_COMMON_BLOCKS = YES;
				GCC_WARN_64_TO_32_BIT_CONVERSION = YES;
				GCC_WARN_ABOUT_RETURN_TYPE = YES_ERROR;
				GCC_WARN_UNDECLARED_SELECTOR = YES;
				GCC_WARN_UNINITIALIZED_AUTOS = YES_AGGRESSIVE;
				GCC_WARN_UNUSED_FUNCTION = YES;
				GCC_WARN_UNUSED_VARIABLE = YES;
				IPHONEOS_DEPLOYMENT_TARGET = 14.2;
				MTL_ENABLE_DEBUG_INFO = NO;
				MTL_FAST_MATH = YES;
				SDKROOT = iphoneos;
				SWIFT_COMPILATION_MODE = wholemodule;
				SWIFT_OPTIMIZATION_LEVEL = "-O";
				VALIDATE_PRODUCT = YES;
			};
			name = Release;
		};
		34ABF83A2578E62C00C9FCEE /* Debug */ = {
			isa = XCBuildConfiguration;
			baseConfigurationReference = FD9FD55FA06F9AAD949DFD77 /* Pods-Demo.debug.xcconfig */;
			buildSettings = {
				ASSETCATALOG_COMPILER_APPICON_NAME = AppIcon;
				ASSETCATALOG_COMPILER_GLOBAL_ACCENT_COLOR_NAME = AccentColor;
				CODE_SIGN_STYLE = Automatic;
				DEVELOPMENT_TEAM = WPYCCEF658;
				INFOPLIST_FILE = Demo/Info.plist;
				LD_RUNPATH_SEARCH_PATHS = (
					"$(inherited)",
					"@executable_path/Frameworks",
				);
				PRODUCT_BUNDLE_IDENTIFIER = "com.my-clay.ClaySDK.demo";
				PRODUCT_NAME = "$(TARGET_NAME)";
				SWIFT_VERSION = 5.0;
				TARGETED_DEVICE_FAMILY = "1,2";
			};
			name = Debug;
		};
		34ABF83B2578E62C00C9FCEE /* Release */ = {
			isa = XCBuildConfiguration;
			baseConfigurationReference = 08E7CA67124E0226F3D7A762 /* Pods-Demo.release.xcconfig */;
			buildSettings = {
				ASSETCATALOG_COMPILER_APPICON_NAME = AppIcon;
				ASSETCATALOG_COMPILER_GLOBAL_ACCENT_COLOR_NAME = AccentColor;
				CODE_SIGN_STYLE = Automatic;
				DEVELOPMENT_TEAM = WPYCCEF658;
				INFOPLIST_FILE = Demo/Info.plist;
				LD_RUNPATH_SEARCH_PATHS = (
					"$(inherited)",
					"@executable_path/Frameworks",
				);
				PRODUCT_BUNDLE_IDENTIFIER = "com.my-clay.ClaySDK.demo";
				PRODUCT_NAME = "$(TARGET_NAME)";
				SWIFT_VERSION = 5.0;
				TARGETED_DEVICE_FAMILY = "1,2";
			};
			name = Release;
		};
/* End XCBuildConfiguration section */

/* Begin XCConfigurationList section */
		34ABF8202578E62A00C9FCEE /* Build configuration list for PBXProject "Demo" */ = {
			isa = XCConfigurationList;
			buildConfigurations = (
				34ABF8372578E62C00C9FCEE /* Debug */,
				34ABF8382578E62C00C9FCEE /* Release */,
			);
			defaultConfigurationIsVisible = 0;
			defaultConfigurationName = Release;
		};
		34ABF8392578E62C00C9FCEE /* Build configuration list for PBXNativeTarget "Demo" */ = {
			isa = XCConfigurationList;
			buildConfigurations = (
				34ABF83A2578E62C00C9FCEE /* Debug */,
				34ABF83B2578E62C00C9FCEE /* Release */,
			);
			defaultConfigurationIsVisible = 0;
			defaultConfigurationName = Release;
		};
/* End XCConfigurationList section */
	};
	rootObject = 34ABF81D2578E62A00C9FCEE /* Project object */;
}
