PODS:
  - AppAuth (1.4.0):
    - AppAuth/Core (= 1.4.0)
    - AppAuth/ExternalUserAgent (= 1.4.0)
  - AppAuth/Core (1.4.0)
  - AppAuth/ExternalUserAgent (1.4.0)
  - ClaySDK (1.9.0):
    - VirgilSDK (= 7.2.1)
  - VirgilCrypto (5.5.0):
    - VirgilCryptoFoundation (= 0.15.2)
  - VirgilCryptoFoundation (0.15.2):
    - VSCCrypto/Common (= 0.15.2)
    - VSCCrypto/Foundation (= 0.15.2)
  - VirgilSDK (7.2.1):
    - VirgilCrypto (~> 5.5)
  - VSCCrypto/Common (0.15.2)
  - VSCCrypto/Foundation (0.15.2)

DEPENDENCIES:
  - AppAuth
  - ClaySDK

SPEC REPOS:
  trunk:
    - AppAuth
    - ClaySDK
    - VirgilCrypto
    - VirgilCryptoFoundation
    - VirgilSDK
    - VSCCrypto

SPEC CHECKSUMS:
  AppAuth: 31bcec809a638d7bd2f86ea8a52bd45f6e81e7c7
  ClaySDK: de518d1649b1da71cbad52776c6242f8176fabce
  VirgilCrypto: 48116c3abee03662dbae40d0957df5160c2a7128
  VirgilCryptoFoundation: a804f11b826cefed157d7ef3d99f897e811cd971
  VirgilSDK: 6ac72d992d329bf4a30020850a2df6880d06592d
  VSCCrypto: 6cb5595d080b0a343819f44524f41df8587dab6c

PODFILE CHECKSUM: f4d702c13f17f3b71d7b6a1917cdd29bd72200aa

COCOAPODS: 1.10.1
