// !$*UTF8*$!
{
	archiveVersion = 1;
	classes = {
	};
	objectVersion = 46;
	objects = {

/* Begin PBXBuildFile section */
		8E1947631F01459000040720 /* Palanquin-ExtraLight.ttf in Resources */ = {isa = PBXBuildFile; fileRef = 8E1947611F01459000040720 /* Palanquin-ExtraLight.ttf */; };
		8E1947641F01459000040720 /* Palanquin-SemiBold.ttf in Resources */ = {isa = PBXBuildFile; fileRef = 8E1947621F01459000040720 /* Palanquin-SemiBold.ttf */; };
		8E67C5751EF959ED00066ECC /* AppDelegate.swift in Sources */ = {isa = PBXBuildFile; fileRef = 8E67C5741EF959ED00066ECC /* AppDelegate.swift */; };
		8E67C5771EF959ED00066ECC /* ViewController.swift in Sources */ = {isa = PBXBuildFile; fileRef = 8E67C5761EF959ED00066ECC /* ViewController.swift */; };
		8E67C57A1EF959ED00066ECC /* Main.storyboard in Resources */ = {isa = PBXBuildFile; fileRef = 8E67C5781EF959ED00066ECC /* Main.storyboard */; };
		8E67C57C1EF959ED00066ECC /* Assets.xcassets in Resources */ = {isa = PBXBuildFile; fileRef = 8E67C57B1EF959ED00066ECC /* Assets.xcassets */; };
		8E67C57F1EF959ED00066ECC /* LaunchScreen.storyboard in Resources */ = {isa = PBXBuildFile; fileRef = 8E67C57D1EF959ED00066ECC /* LaunchScreen.storyboard */; };
		8E67C58A1EF95EBD00066ECC /* ClaySDK.framework in Embed Frameworks */ = {isa = PBXBuildFile; fileRef = 8E67C5861EF95EBD00066ECC /* ClaySDK.framework */; settings = {ATTRIBUTES = (CodeSignOnCopy, RemoveHeadersOnCopy, ); }; };
		8E67C58C1EF95EBD00066ECC /* VirgilCrypto.framework in Embed Frameworks */ = {isa = PBXBuildFile; fileRef = 8E67C5871EF95EBD00066ECC /* VirgilCrypto.framework */; settings = {ATTRIBUTES = (CodeSignOnCopy, RemoveHeadersOnCopy, ); }; };
		8E67C58E1EF95EBD00066ECC /* VirgilSDK.framework in Embed Frameworks */ = {isa = PBXBuildFile; fileRef = 8E67C5881EF95EBD00066ECC /* VirgilSDK.framework */; settings = {ATTRIBUTES = (CodeSignOnCopy, RemoveHeadersOnCopy, ); }; };
/* End PBXBuildFile section */

/* Begin PBXCopyFilesBuildPhase section */
		8E67C58F1EF95EBD00066ECC /* Embed Frameworks */ = {
			isa = PBXCopyFilesBuildPhase;
			buildActionMask = 2147483647;
			dstPath = "";
			dstSubfolderSpec = 10;
			files = (
				8E67C58E1EF95EBD00066ECC /* VirgilSDK.framework in Embed Frameworks */,
				8E67C58C1EF95EBD00066ECC /* VirgilCrypto.framework in Embed Frameworks */,
				8E67C58A1EF95EBD00066ECC /* ClaySDK.framework in Embed Frameworks */,
			);
			name = "Embed Frameworks";
			runOnlyForDeploymentPostprocessing = 0;
		};
/* End PBXCopyFilesBuildPhase section */

/* Begin PBXFileReference section */
		8E1947611F01459000040720 /* Palanquin-ExtraLight.ttf */ = {isa = PBXFileReference; lastKnownFileType = file; name = "Palanquin-ExtraLight.ttf"; path = "Resources/Palanquin-ExtraLight.ttf"; sourceTree = "<group>"; };
		8E1947621F01459000040720 /* Palanquin-SemiBold.ttf */ = {isa = PBXFileReference; lastKnownFileType = file; name = "Palanquin-SemiBold.ttf"; path = "Resources/Palanquin-SemiBold.ttf"; sourceTree = "<group>"; };
		8E67C5711EF959ED00066ECC /* ClaySDKDemoApp.app */ = {isa = PBXFileReference; explicitFileType = wrapper.application; includeInIndex = 0; path = ClaySDKDemoApp.app; sourceTree = BUILT_PRODUCTS_DIR; };
		8E67C5741EF959ED00066ECC /* AppDelegate.swift */ = {isa = PBXFileReference; lastKnownFileType = sourcecode.swift; path = AppDelegate.swift; sourceTree = "<group>"; };
		8E67C5761EF959ED00066ECC /* ViewController.swift */ = {isa = PBXFileReference; lastKnownFileType = sourcecode.swift; path = ViewController.swift; sourceTree = "<group>"; };
		8E67C5791EF959ED00066ECC /* Base */ = {isa = PBXFileReference; lastKnownFileType = file.storyboard; name = Base; path = Base.lproj/Main.storyboard; sourceTree = "<group>"; };
		8E67C57B1EF959ED00066ECC /* Assets.xcassets */ = {isa = PBXFileReference; lastKnownFileType = folder.assetcatalog; path = Assets.xcassets; sourceTree = "<group>"; };
		8E67C57E1EF959ED00066ECC /* Base */ = {isa = PBXFileReference; lastKnownFileType = file.storyboard; name = Base; path = Base.lproj/LaunchScreen.storyboard; sourceTree = "<group>"; };
		8E67C5801EF959ED00066ECC /* Info.plist */ = {isa = PBXFileReference; lastKnownFileType = text.plist.xml; path = Info.plist; sourceTree = "<group>"; };
		8E67C5861EF95EBD00066ECC /* ClaySDK.framework */ = {isa = PBXFileReference; lastKnownFileType = wrapper.framework; name = ClaySDK.framework; path = Carthage/Build/iOS/ClaySDK.framework; sourceTree = "<group>"; };
		8E67C5871EF95EBD00066ECC /* VirgilCrypto.framework */ = {isa = PBXFileReference; lastKnownFileType = wrapper.framework; name = VirgilCrypto.framework; path = Carthage/Build/iOS/VirgilCrypto.framework; sourceTree = "<group>"; };
		8E67C5881EF95EBD00066ECC /* VirgilSDK.framework */ = {isa = PBXFileReference; lastKnownFileType = wrapper.framework; name = VirgilSDK.framework; path = Carthage/Build/iOS/VirgilSDK.framework; sourceTree = "<group>"; };
/* End PBXFileReference section */

/* Begin PBXFrameworksBuildPhase section */
		8E67C56E1EF959ED00066ECC /* Frameworks */ = {
			isa = PBXFrameworksBuildPhase;
			buildActionMask = 2147483647;
			files = (
			);
			runOnlyForDeploymentPostprocessing = 0;
		};
/* End PBXFrameworksBuildPhase section */

/* Begin PBXGroup section */
		8E1947651F01459700040720 /* Resources */ = {
			isa = PBXGroup;
			children = (
				8E1947611F01459000040720 /* Palanquin-ExtraLight.ttf */,
				8E1947621F01459000040720 /* Palanquin-SemiBold.ttf */,
			);
			name = Resources;
			path = ClaySDKDemoApp;
			sourceTree = "<group>";
		};
		8E67C5681EF959ED00066ECC = {
			isa = PBXGroup;
			children = (
				8E1947651F01459700040720 /* Resources */,
				8E67C5731EF959ED00066ECC /* ClaySDKDemoApp */,
				8E67C5721EF959ED00066ECC /* Products */,
				8E67C5901EF95F0500066ECC /* Frameworks */,
			);
			sourceTree = "<group>";
		};
		8E67C5721EF959ED00066ECC /* Products */ = {
			isa = PBXGroup;
			children = (
				8E67C5711EF959ED00066ECC /* ClaySDKDemoApp.app */,
			);
			name = Products;
			sourceTree = "<group>";
		};
		8E67C5731EF959ED00066ECC /* ClaySDKDemoApp */ = {
			isa = PBXGroup;
			children = (
				8E67C5741EF959ED00066ECC /* AppDelegate.swift */,
				8E67C5761EF959ED00066ECC /* ViewController.swift */,
				8E67C5781EF959ED00066ECC /* Main.storyboard */,
				8E67C57B1EF959ED00066ECC /* Assets.xcassets */,
				8E67C57D1EF959ED00066ECC /* LaunchScreen.storyboard */,
				8E67C5801EF959ED00066ECC /* Info.plist */,
			);
			path = ClaySDKDemoApp;
			sourceTree = "<group>";
		};
		8E67C5901EF95F0500066ECC /* Frameworks */ = {
			isa = PBXGroup;
			children = (
				8E67C5861EF95EBD00066ECC /* ClaySDK.framework */,
				8E67C5871EF95EBD00066ECC /* VirgilCrypto.framework */,
				8E67C5881EF95EBD00066ECC /* VirgilSDK.framework */,
			);
			name = Frameworks;
			sourceTree = "<group>";
		};
/* End PBXGroup section */

/* Begin PBXNativeTarget section */
		8E67C5701EF959ED00066ECC /* ClaySDKDemoApp */ = {
			isa = PBXNativeTarget;
			buildConfigurationList = 8E67C5831EF959ED00066ECC /* Build configuration list for PBXNativeTarget "ClaySDKDemoApp" */;
			buildPhases = (
				8E67C56D1EF959ED00066ECC /* Sources */,
				8E67C56E1EF959ED00066ECC /* Frameworks */,
				8E67C56F1EF959ED00066ECC /* Resources */,
				8E67C58F1EF95EBD00066ECC /* Embed Frameworks */,
			);
			buildRules = (
			);
			dependencies = (
			);
			name = ClaySDKDemoApp;
			productName = ClaySDKDemoApp;
			productReference = 8E67C5711EF959ED00066ECC /* ClaySDKDemoApp.app */;
			productType = "com.apple.product-type.application";
		};
/* End PBXNativeTarget section */

/* Begin PBXProject section */
		8E67C5691EF959ED00066ECC /* Project object */ = {
			isa = PBXProject;
			attributes = {
				LastSwiftUpdateCheck = 0830;
				LastUpgradeCheck = 0830;
				ORGANIZATIONNAME = "Clay Solutions";
				TargetAttributes = {
					8E67C5701EF959ED00066ECC = {
						CreatedOnToolsVersion = 8.3.3;
						DevelopmentTeam = WPYCCEF658;
						ProvisioningStyle = Automatic;
					};
				};
			};
			buildConfigurationList = 8E67C56C1EF959ED00066ECC /* Build configuration list for PBXProject "ClaySDKDemoApp" */;
			compatibilityVersion = "Xcode 3.2";
			developmentRegion = English;
			hasScannedForEncodings = 0;
			knownRegions = (
				en,
				Base,
			);
			mainGroup = 8E67C5681EF959ED00066ECC;
			productRefGroup = 8E67C5721EF959ED00066ECC /* Products */;
			projectDirPath = "";
			projectRoot = "";
			targets = (
				8E67C5701EF959ED00066ECC /* ClaySDKDemoApp */,
			);
		};
/* End PBXProject section */

/* Begin PBXResourcesBuildPhase section */
		8E67C56F1EF959ED00066ECC /* Resources */ = {
			isa = PBXResourcesBuildPhase;
			buildActionMask = 2147483647;
			files = (
				8E67C57F1EF959ED00066ECC /* LaunchScreen.storyboard in Resources */,
				8E1947641F01459000040720 /* Palanquin-SemiBold.ttf in Resources */,
				8E67C57C1EF959ED00066ECC /* Assets.xcassets in Resources */,
				8E1947631F01459000040720 /* Palanquin-ExtraLight.ttf in Resources */,
				8E67C57A1EF959ED00066ECC /* Main.storyboard in Resources */,
			);
			runOnlyForDeploymentPostprocessing = 0;
		};
/* End PBXResourcesBuildPhase section */

/* Begin PBXSourcesBuildPhase section */
		8E67C56D1EF959ED00066ECC /* Sources */ = {
			isa = PBXSourcesBuildPhase;
			buildActionMask = 2147483647;
			files = (
				8E67C5771EF959ED00066ECC /* ViewController.swift in Sources */,
				8E67C5751EF959ED00066ECC /* AppDelegate.swift in Sources */,
			);
			runOnlyForDeploymentPostprocessing = 0;
		};
/* End PBXSourcesBuildPhase section */

/* Begin PBXVariantGroup section */
		8E67C5781EF959ED00066ECC /* Main.storyboard */ = {
			isa = PBXVariantGroup;
			children = (
				8E67C5791EF959ED00066ECC /* Base */,
			);
			name = Main.storyboard;
			sourceTree = "<group>";
		};
		8E67C57D1EF959ED00066ECC /* LaunchScreen.storyboard */ = {
			isa = PBXVariantGroup;
			children = (
				8E67C57E1EF959ED00066ECC /* Base */,
			);
			name = LaunchScreen.storyboard;
			sourceTree = "<group>";
		};
/* End PBXVariantGroup section */

/* Begin XCBuildConfiguration section */
		8E67C5811EF959ED00066ECC /* Debug */ = {
			isa = XCBuildConfiguration;
			buildSettings = {
				ALWAYS_SEARCH_USER_PATHS = NO;
				CLANG_ANALYZER_NONNULL = YES;
				CLANG_ANALYZER_NUMBER_OBJECT_CONVERSION = YES_AGGRESSIVE;
				CLANG_CXX_LANGUAGE_STANDARD = "gnu++0x";
				CLANG_CXX_LIBRARY = "libc++";
				CLANG_ENABLE_MODULES = YES;
				CLANG_ENABLE_OBJC_ARC = YES;
				CLANG_WARN_BOOL_CONVERSION = YES;
				CLANG_WARN_CONSTANT_CONVERSION = YES;
				CLANG_WARN_DIRECT_OBJC_ISA_USAGE = YES_ERROR;
				CLANG_WARN_DOCUMENTATION_COMMENTS = YES;
				CLANG_WARN_EMPTY_BODY = YES;
				CLANG_WARN_ENUM_CONVERSION = YES;
				CLANG_WARN_INFINITE_RECURSION = YES;
				CLANG_WARN_INT_CONVERSION = YES;
				CLANG_WARN_OBJC_ROOT_CLASS = YES_ERROR;
				CLANG_WARN_SUSPICIOUS_MOVE = YES;
				CLANG_WARN_UNREACHABLE_CODE = YES;
				CLANG_WARN__DUPLICATE_METHOD_MATCH = YES;
				"CODE_SIGN_IDENTITY[sdk=iphoneos*]" = "iPhone Developer";
				COPY_PHASE_STRIP = NO;
				DEBUG_INFORMATION_FORMAT = dwarf;
				ENABLE_STRICT_OBJC_MSGSEND = YES;
				ENABLE_TESTABILITY = YES;
				GCC_C_LANGUAGE_STANDARD = gnu99;
				GCC_DYNAMIC_NO_PIC = NO;
				GCC_NO_COMMON_BLOCKS = YES;
				GCC_OPTIMIZATION_LEVEL = 0;
				GCC_PREPROCESSOR_DEFINITIONS = (
					"DEBUG=1",
					"$(inherited)",
				);
				GCC_WARN_64_TO_32_BIT_CONVERSION = YES;
				GCC_WARN_ABOUT_RETURN_TYPE = YES_ERROR;
				GCC_WARN_UNDECLARED_SELECTOR = YES;
				GCC_WARN_UNINITIALIZED_AUTOS = YES_AGGRESSIVE;
				GCC_WARN_UNUSED_FUNCTION = YES;
				GCC_WARN_UNUSED_VARIABLE = YES;
				IPHONEOS_DEPLOYMENT_TARGET = 10.3;
				MTL_ENABLE_DEBUG_INFO = YES;
				ONLY_ACTIVE_ARCH = YES;
				SDKROOT = iphoneos;
				SWIFT_ACTIVE_COMPILATION_CONDITIONS = DEBUG;
				SWIFT_OPTIMIZATION_LEVEL = "-Onone";
			};
			name = Debug;
		};
		8E67C5821EF959ED00066ECC /* Release */ = {
			isa = XCBuildConfiguration;
			buildSettings = {
				ALWAYS_SEARCH_USER_PATHS = NO;
				CLANG_ANALYZER_NONNULL = YES;
				CLANG_ANALYZER_NUMBER_OBJECT_CONVERSION = YES_AGGRESSIVE;
				CLANG_CXX_LANGUAGE_STANDARD = "gnu++0x";
				CLANG_CXX_LIBRARY = "libc++";
				CLANG_ENABLE_MODULES = YES;
				CLANG_ENABLE_OBJC_ARC = YES;
				CLANG_WARN_BOOL_CONVERSION = YES;
				CLANG_WARN_CONSTANT_CONVERSION = YES;
				CLANG_WARN_DIRECT_OBJC_ISA_USAGE = YES_ERROR;
				CLANG_WARN_DOCUMENTATION_COMMENTS = YES;
				CLANG_WARN_EMPTY_BODY = YES;
				CLANG_WARN_ENUM_CONVERSION = YES;
				CLANG_WARN_INFINITE_RECURSION = YES;
				CLANG_WARN_INT_CONVERSION = YES;
				CLANG_WARN_OBJC_ROOT_CLASS = YES_ERROR;
				CLANG_WARN_SUSPICIOUS_MOVE = YES;
				CLANG_WARN_UNREACHABLE_CODE = YES;
				CLANG_WARN__DUPLICATE_METHOD_MATCH = YES;
				"CODE_SIGN_IDENTITY[sdk=iphoneos*]" = "iPhone Developer";
				COPY_PHASE_STRIP = NO;
				DEBUG_INFORMATION_FORMAT = "dwarf-with-dsym";
				ENABLE_NS_ASSERTIONS = NO;
				ENABLE_STRICT_OBJC_MSGSEND = YES;
				GCC_C_LANGUAGE_STANDARD = gnu99;
				GCC_NO_COMMON_BLOCKS = YES;
				GCC_WARN_64_TO_32_BIT_CONVERSION = YES;
				GCC_WARN_ABOUT_RETURN_TYPE = YES_ERROR;
				GCC_WARN_UNDECLARED_SELECTOR = YES;
				GCC_WARN_UNINITIALIZED_AUTOS = YES_AGGRESSIVE;
				GCC_WARN_UNUSED_FUNCTION = YES;
				GCC_WARN_UNUSED_VARIABLE = YES;
				IPHONEOS_DEPLOYMENT_TARGET = 10.3;
				MTL_ENABLE_DEBUG_INFO = NO;
				SDKROOT = iphoneos;
				SWIFT_OPTIMIZATION_LEVEL = "-Owholemodule";
				VALIDATE_PRODUCT = YES;
			};
			name = Release;
		};
		8E67C5841EF959ED00066ECC /* Debug */ = {
			isa = XCBuildConfiguration;
			buildSettings = {
				ASSETCATALOG_COMPILER_APPICON_NAME = AppIcon;
				DEVELOPMENT_TEAM = WPYCCEF658;
				ENABLE_BITCODE = NO;
				FRAMEWORK_SEARCH_PATHS = (
					"$(inherited)",
					"$(PROJECT_DIR)/Carthage/Build/iOS",
				);
				INFOPLIST_FILE = ClaySDKDemoApp/Info.plist;
				LD_RUNPATH_SEARCH_PATHS = "$(inherited) @executable_path/Frameworks";
				PRODUCT_BUNDLE_IDENTIFIER = "com.my-clay.ClaySDKDemoApp";
				PRODUCT_NAME = "$(TARGET_NAME)";
				SWIFT_VERSION = 3.0;
			};
			name = Debug;
		};
		8E67C5851EF959ED00066ECC /* Release */ = {
			isa = XCBuildConfiguration;
			buildSettings = {
				ASSETCATALOG_COMPILER_APPICON_NAME = AppIcon;
				DEVELOPMENT_TEAM = WPYCCEF658;
				ENABLE_BITCODE = NO;
				FRAMEWORK_SEARCH_PATHS = (
					"$(inherited)",
					"$(PROJECT_DIR)/Carthage/Build/iOS",
				);
				INFOPLIST_FILE = ClaySDKDemoApp/Info.plist;
				LD_RUNPATH_SEARCH_PATHS = "$(inherited) @executable_path/Frameworks";
				PRODUCT_BUNDLE_IDENTIFIER = "com.my-clay.ClaySDKDemoApp";
				PRODUCT_NAME = "$(TARGET_NAME)";
				SWIFT_VERSION = 3.0;
			};
			name = Release;
		};
/* End XCBuildConfiguration section */

/* Begin XCConfigurationList section */
		8E67C56C1EF959ED00066ECC /* Build configuration list for PBXProject "ClaySDKDemoApp" */ = {
			isa = XCConfigurationList;
			buildConfigurations = (
				8E67C5811EF959ED00066ECC /* Debug */,
				8E67C5821EF959ED00066ECC /* Release */,
			);
			defaultConfigurationIsVisible = 0;
			defaultConfigurationName = Release;
		};
		8E67C5831EF959ED00066ECC /* Build configuration list for PBXNativeTarget "ClaySDKDemoApp" */ = {
			isa = XCConfigurationList;
			buildConfigurations = (
				8E67C5841EF959ED00066ECC /* Debug */,
				8E67C5851EF959ED00066ECC /* Release */,
			);
			defaultConfigurationIsVisible = 0;
			defaultConfigurationName = Release;
		};
/* End XCConfigurationList section */
	};
	rootObject = 8E67C5691EF959ED00066ECC /* Project object */;
}
